
Microsoft Visual Studio Solution File, Format Version 12.00
# Visual Studio 15
VisualStudioVersion = 15.0.27703.2000
MinimumVisualStudioVersion = 10.0.40219.1
Project("{9A19103F-16F7-4668-BE54-9A1E7A4F7556}") = "KM.POD.WebSPA", "KM.POD\KM.POD.WebSPA.csproj", "{37799F58-06D6-49C9-BFFB-026DD40E7B5C}"
EndProject
Project("{9A19103F-16F7-4668-BE54-9A1E7A4F7556}") = "KM.POD.Identity", "KM.POD.Identity\KM.POD.Identity.csproj", "{A15E30B2-2A91-41FA-A81D-37D28FC5DF70}"
EndProject
Project("{9A19103F-16F7-4668-BE54-9A1E7A4F7556}") = "KM.POD.Services", "KM.POD.Services\KM.POD.Services.csproj", "{0A5F6D63-AF21-40B7-A939-4155E1EDAD66}"
EndProject
Project("{2150E333-8FDC-42A3-9474-1A3956D46DE8}") = "WebJobs", "WebJobs", "{7A46C971-41C0-4BEE-82B3-552F4AD4E0E4}"
EndProject
Project("{00D1A9C2-B5F0-4AF3-8072-F6C62B433612}") = "KM.POD.Database", "KM.POD.Database\KM.POD.Database.sqlproj", "{4213C680-09E5-4E09-8793-0B7A9D35F3F5}"
EndProject
Project("{FAE04EC0-301F-11D3-BF4B-00C04F79EFBC}") = "KM.POD.Data", "KM.POD.Data\KM.POD.Data.csproj", "{AE820E8B-6840-4F41-A0D5-726D5F2520EC}"
EndProject
Global
	GlobalSection(SolutionConfigurationPlatforms) = preSolution
		Debug|Any CPU = Debug|Any CPU
		Release|Any CPU = Release|Any CPU
	EndGlobalSection
	GlobalSection(ProjectConfigurationPlatforms) = postSolution
		{37799F58-06D6-49C9-BFFB-026DD40E7B5C}.Debug|Any CPU.ActiveCfg = Debug|Any CPU
		{37799F58-06D6-49C9-BFFB-026DD40E7B5C}.Debug|Any CPU.Build.0 = Debug|Any CPU
		{37799F58-06D6-49C9-BFFB-026DD40E7B5C}.Release|Any CPU.ActiveCfg = Release|Any CPU
		{37799F58-06D6-49C9-BFFB-026DD40E7B5C}.Release|Any CPU.Build.0 = Release|Any CPU
		{A15E30B2-2A91-41FA-A81D-37D28FC5DF70}.Debug|Any CPU.ActiveCfg = Debug|Any CPU
		{A15E30B2-2A91-41FA-A81D-37D28FC5DF70}.Debug|Any CPU.Build.0 = Debug|Any CPU
		{A15E30B2-2A91-41FA-A81D-37D28FC5DF70}.Release|Any CPU.ActiveCfg = Release|Any CPU
		{A15E30B2-2A91-41FA-A81D-37D28FC5DF70}.Release|Any CPU.Build.0 = Release|Any CPU
		{0A5F6D63-AF21-40B7-A939-4155E1EDAD66}.Debug|Any CPU.ActiveCfg = Debug|Any CPU
		{0A5F6D63-AF21-40B7-A939-4155E1EDAD66}.Debug|Any CPU.Build.0 = Debug|Any CPU
		{0A5F6D63-AF21-40B7-A939-4155E1EDAD66}.Release|Any CPU.ActiveCfg = Release|Any CPU
		{0A5F6D63-AF21-40B7-A939-4155E1EDAD66}.Release|Any CPU.Build.0 = Release|Any CPU
		{4213C680-09E5-4E09-8793-0B7A9D35F3F5}.Debug|Any CPU.ActiveCfg = Debug|Any CPU
		{4213C680-09E5-4E09-8793-0B7A9D35F3F5}.Debug|Any CPU.Build.0 = Debug|Any CPU
		{4213C680-09E5-4E09-8793-0B7A9D35F3F5}.Debug|Any CPU.Deploy.0 = Debug|Any CPU
		{4213C680-09E5-4E09-8793-0B7A9D35F3F5}.Release|Any CPU.ActiveCfg = Release|Any CPU
		{4213C680-09E5-4E09-8793-0B7A9D35F3F5}.Release|Any CPU.Build.0 = Release|Any CPU
		{4213C680-09E5-4E09-8793-0B7A9D35F3F5}.Release|Any CPU.Deploy.0 = Release|Any CPU
		{AE820E8B-6840-4F41-A0D5-726D5F2520EC}.Debug|Any CPU.ActiveCfg = Debug|Any CPU
		{AE820E8B-6840-4F41-A0D5-726D5F2520EC}.Debug|Any CPU.Build.0 = Debug|Any CPU
		{AE820E8B-6840-4F41-A0D5-726D5F2520EC}.Release|Any CPU.ActiveCfg = Release|Any CPU
		{AE820E8B-6840-4F41-A0D5-726D5F2520EC}.Release|Any CPU.Build.0 = Release|Any CPU
	EndGlobalSection
	GlobalSection(SolutionProperties) = preSolution
		HideSolutionNode = FALSE
	EndGlobalSection
	GlobalSection(ExtensibilityGlobals) = postSolution
		SolutionGuid = {FF6DE87C-432C-4C0D-B2B6-733F952451CA}
	EndGlobalSection
EndGlobal
